
Microsoft Visual Studio Solution File, Format Version 12.00
# Visual Studio Version 17
VisualStudioVersion = 17.11.35327.3
MinimumVisualStudioVersion = 10.0.40219.1
Project("{FAE04EC0-301F-11D3-BF4B-00C04F79EFBC}") = "Conceitos de C# em pratica", "Conceitos de C# em pratica\Conceitos de C# em pratica.csproj", "{7B5C99D2-235D-4EE7-9931-FA1BC9CD642A}"
EndProject
Global
	GlobalSection(SolutionConfigurationPlatforms) = preSolution
		Debug|Any CPU = Debug|Any CPU
		Release|Any CPU = Release|Any CPU
	EndGlobalSection
	GlobalSection(ProjectConfigurationPlatforms) = postSolution
		{7B5C99D2-235D-4EE7-9931-FA1BC9CD642A}.Debug|Any CPU.ActiveCfg = Debug|Any CPU
		{7B5C99D2-235D-4EE7-9931-FA1BC9CD642A}.Debug|Any CPU.Build.0 = Debug|Any CPU
		{7B5C99D2-235D-4EE7-9931-FA1BC9CD642A}.Release|Any CPU.ActiveCfg = Release|Any CPU
		{7B5C99D2-235D-4EE7-9931-FA1BC9CD642A}.Release|Any CPU.Build.0 = Release|Any CPU
	EndGlobalSection
	GlobalSection(SolutionProperties) = preSolution
		HideSolutionNode = FALSE
	EndGlobalSection
	GlobalSection(ExtensibilityGlobals) = postSolution
		SolutionGuid = {4F179F68-0A5B-49A3-B6ED-ED29DA6A56C4}
	EndGlobalSection
EndGlobal
